github.com/rcssggb/ggb-lib v0.2.4 h1:ndbWQojQc42mo/D160tYGB3VagIdaiTmp+D/vREL+9U=
github.com/rcssggb/ggb-lib v0.2.4/go.mod h1:MXarJEd8DLjI/9dlBMN/hHIkL2CDq/BeDEmPwxYpQZw=
github.com/rcssggb/ggb-lib v0.2.5 h1:ghgv0OyfsxN9wAtFgeGYDcIpWmVhXYSXs0m/WJ/3CyY=
github.com/rcssggb/ggb-lib v0.2.5/go.mod h1:1y6mRGu1vq7juNyTQWMWOHf3HXFJht8/jtQBSbpUk3E=
