github.com/Arafatk/glot v0.0.0-20180312013246-79d5219000f0 h1:buG0FAUZtOwl9c+RdnQo3cfZhTnY2OY24J3t+jpeb9Y=
github.com/Arafatk/glot v0.0.0-20180312013246-79d5219000f0/go.mod h1:o0O8gFiTfVp4g5QcQJ1iMLw6ROiy9BITaiBbEiwz9h8=
github.com/rcssggb/ggb-lib v0.2.6 h1:wjo9YOQMwiZORcbRHVpiru4T8RrxRf4uKM0DvOiDN1g=
github.com/rcssggb/ggb-lib v0.2.6/go.mod h1:1y6mRGu1vq7juNyTQWMWOHf3HXFJht8/jtQBSbpUk3E=
github.com/rcssggb/ggb-lib v0.2.7 h1:ExM3yBedhH/FTm2mBPQriHVxPV4e7/mpdWEXkm4A06k=
github.com/rcssggb/ggb-lib v0.2.7/go.mod h1:1y6mRGu1vq7juNyTQWMWOHf3HXFJht8/jtQBSbpUk3E=
github.com/rcssggb/ggb-lib v0.2.8 h1:UsyuJ3owaVKZSWU2330/+CTBpLLLIxsn6HSEYjolug4=
github.com/rcssggb/ggb-lib v0.2.8/go.mod h1:1y6mRGu1vq7juNyTQWMWOHf3HXFJht8/jtQBSbpUk3E=
